{
  "name": "opencode",
  "lockfileVersion": 3,
  "requires": true,
  "packages": {
    "": {
      "dependencies": {
        "@opencode-ai/plugin": "1.2.20",
        "opencode-claude-auth": "github:griffinmartin/opencode-claude-auth"
      }
    },
    "node_modules/@opencode-ai/plugin": {
      "version": "1.2.20",
      "resolved": "https://registry.npmjs.org/@opencode-ai/plugin/-/plugin-1.2.20.tgz",
      "integrity": "sha512-BE6TOXVxgF24g5QgtlogSY5B+/AmZJ3cYaVjHZhUVuAli9JEg4RblrbrK2rfgbyZBoZDpjBLGTYtIRTVmOccEA==",
      "license": "MIT",
      "dependencies": {
        "@opencode-ai/sdk": "1.2.20",
        "zod": "4.1.8"
      }
    },
    "node_modules/@opencode-ai/sdk": {
      "version": "1.2.20",
      "resolved": "https://registry.npmjs.org/@opencode-ai/sdk/-/sdk-1.2.20.tgz",
      "integrity": "sha512-U5ROpG21D8jg9rkc1IgKAk1g5dn6X/rkOBfveupd0peSDO9n6VM9aikYccVLaMObxVqdjtG08IeQOFTPVS8ySQ==",
      "license": "MIT"
    },
    "node_modules/opencode-claude-auth": {
      "version": "0.1.0",
      "resolved": "git+ssh://git@github.com/griffinmartin/opencode-claude-auth.git#9b895af7db994c30c278ba0ca5914e3266f2d13c",
      "license": "MIT",
      "peerDependencies": {
        "@opencode-ai/plugin": "*"
      }
    },
    "node_modules/zod": {
      "version": "4.1.8",
      "resolved": "https://registry.npmjs.org/zod/-/zod-4.1.8.tgz",
      "integrity": "sha512-5R1P+WwQqmmMIEACyzSvo4JXHY5WiAFHRMg+zBZKgKS+Q1viRa0C1hmUKtHltoIFKtIdki3pRxkmpP74jnNYHQ==",
      "license": "MIT",
      "funding": {
        "url": "https://github.com/sponsors/colinhacks"
      }
    }
  }
}
